// !$*UTF8*$!
{
	archiveVersion = 1;
	classes = {
	};
	objectVersion = 46;
	objects = {

/* Begin PBXBuildFile section */
		76D64CC917E5806C0F364252 /* Pods_SpaceApps001.framework in Frameworks */ = {isa = PBXBuildFile; fileRef = 58226331B839DBDFB9A70E26 /* Pods_SpaceApps001.framework */; };
		A06F675A1EB4D2D10043A2A6 /* AppDelegate.swift in Sources */ = {isa = PBXBuildFile; fileRef = A06F67591EB4D2D10043A2A6 /* AppDelegate.swift */; };
		A06F67631EB4D2D10043A2A6 /* Assets.xcassets in Resources */ = {isa = PBXBuildFile; fileRef = A06F67621EB4D2D10043A2A6 /* Assets.xcassets */; };
		A06F67661EB4D2D10043A2A6 /* LaunchScreen.storyboard in Resources */ = {isa = PBXBuildFile; fileRef = A06F67641EB4D2D10043A2A6 /* LaunchScreen.storyboard */; };
		A09897AB1EB521A8001B06DD /* ProductStages.storyboard in Resources */ = {isa = PBXBuildFile; fileRef = A09897AA1EB521A8001B06DD /* ProductStages.storyboard */; };
		A09897AE1EB521B7001B06DD /* ProductStagesTableViewCell.swift in Sources */ = {isa = PBXBuildFile; fileRef = A09897AC1EB521B7001B06DD /* ProductStagesTableViewCell.swift */; };
		A09897AF1EB521B7001B06DD /* ProductStagesTableViewCell.xib in Resources */ = {isa = PBXBuildFile; fileRef = A09897AD1EB521B7001B06DD /* ProductStagesTableViewCell.xib */; };
		A09897B11EB521CE001B06DD /* ProductStagesViewController.swift in Sources */ = {isa = PBXBuildFile; fileRef = A09897B01EB521CE001B06DD /* ProductStagesViewController.swift */; };
		A09897B31EB521DF001B06DD /* ProcessStage.swift in Sources */ = {isa = PBXBuildFile; fileRef = A09897B21EB521DF001B06DD /* ProcessStage.swift */; };
		BB7306F01EB58B6E002FAB85 /* CompositionTableViewCell.swift in Sources */ = {isa = PBXBuildFile; fileRef = BB7306EE1EB58B6E002FAB85 /* CompositionTableViewCell.swift */; };
		BB7306F11EB58B6E002FAB85 /* CompositionTableViewCell.xib in Resources */ = {isa = PBXBuildFile; fileRef = BB7306EF1EB58B6E002FAB85 /* CompositionTableViewCell.xib */; };
		BB7306F41EB58D44002FAB85 /* ProductOverview.storyboard in Resources */ = {isa = PBXBuildFile; fileRef = BB7306F21EB58D44002FAB85 /* ProductOverview.storyboard */; };
		BB7306F51EB58D44002FAB85 /* ProductOverviewViewController.swift in Sources */ = {isa = PBXBuildFile; fileRef = BB7306F31EB58D44002FAB85 /* ProductOverviewViewController.swift */; };
		BB7306FB1EB58D80002FAB85 /* UIViewExtensions.swift in Sources */ = {isa = PBXBuildFile; fileRef = BB7306FA1EB58D80002FAB85 /* UIViewExtensions.swift */; };
		BB9423F41EB52EEA00E81E79 /* ProductTableViewCell.swift in Sources */ = {isa = PBXBuildFile; fileRef = BB9423F21EB52EEA00E81E79 /* ProductTableViewCell.swift */; };
		BB9423F51EB52EEA00E81E79 /* ProductTableViewCell.xib in Resources */ = {isa = PBXBuildFile; fileRef = BB9423F31EB52EEA00E81E79 /* ProductTableViewCell.xib */; };
		BB9423F71EB52EFB00E81E79 /* Product.swift in Sources */ = {isa = PBXBuildFile; fileRef = BB9423F61EB52EFB00E81E79 /* Product.swift */; };
		BB9423FA1EB53F1900E81E79 /* ListView.swift in Sources */ = {isa = PBXBuildFile; fileRef = BB9423F91EB53F1900E81E79 /* ListView.swift */; };
		BBA280591EB5519500A91514 /* MyComposition.storyboard in Resources */ = {isa = PBXBuildFile; fileRef = BBA280581EB5519500A91514 /* MyComposition.storyboard */; };
		BBA2805C1EB5547F00A91514 /* MyCompositionViewController.swift in Sources */ = {isa = PBXBuildFile; fileRef = BBA2805B1EB5547F00A91514 /* MyCompositionViewController.swift */; };
		BBD0D9141EB5654600D3A613 /* NewRecipeViewController.swift in Sources */ = {isa = PBXBuildFile; fileRef = BBD0D9131EB5654600D3A613 /* NewRecipeViewController.swift */; };
		BBD0D9161EB56C2C00D3A613 /* ProductSelection.swift in Sources */ = {isa = PBXBuildFile; fileRef = BBD0D9151EB56C2C00D3A613 /* ProductSelection.swift */; };
		BBD0D91A1EB56EDD00D3A613 /* ProductSelectionTableViewCell.swift in Sources */ = {isa = PBXBuildFile; fileRef = BBD0D9181EB56EDD00D3A613 /* ProductSelectionTableViewCell.swift */; };
		BBD0D91B1EB56EDD00D3A613 /* ProductSelectionTableViewCell.xib in Resources */ = {isa = PBXBuildFile; fileRef = BBD0D9191EB56EDD00D3A613 /* ProductSelectionTableViewCell.xib */; };
		BBD0D91D1EB57DCD00D3A613 /* Recipe.swift in Sources */ = {isa = PBXBuildFile; fileRef = BBD0D91C1EB57DCD00D3A613 /* Recipe.swift */; };
		BBF5F3251EB5063100E6F064 /* Root.storyboard in Resources */ = {isa = PBXBuildFile; fileRef = BBF5F3241EB5063100E6F064 /* Root.storyboard */; };
		BBF5F3291EB5068900E6F064 /* ProductSelection.storyboard in Resources */ = {isa = PBXBuildFile; fileRef = BBF5F3281EB5068900E6F064 /* ProductSelection.storyboard */; };
		BBF5F32E1EB5088500E6F064 /* UITableView+Extensions.swift in Sources */ = {isa = PBXBuildFile; fileRef = BBF5F32D1EB5088500E6F064 /* UITableView+Extensions.swift */; };
		BBF5F3311EB5088C00E6F064 /* CellType.swift in Sources */ = {isa = PBXBuildFile; fileRef = BBF5F32F1EB5088C00E6F064 /* CellType.swift */; };
		BBF5F3321EB5088C00E6F064 /* DataSource.swift in Sources */ = {isa = PBXBuildFile; fileRef = BBF5F3301EB5088C00E6F064 /* DataSource.swift */; };
		BBF5F33B1EB50B9800E6F064 /* States.swift in Sources */ = {isa = PBXBuildFile; fileRef = BBF5F33A1EB50B9800E6F064 /* States.swift */; };
		BBF5F33E1EB516B900E6F064 /* ProductSelectionViewController.swift in Sources */ = {isa = PBXBuildFile; fileRef = BBF5F33D1EB516B900E6F064 /* ProductSelectionViewController.swift */; };
		BBF5F3411EB5187D00E6F064 /* Storyboard.swift in Sources */ = {isa = PBXBuildFile; fileRef = BBF5F3401EB5187D00E6F064 /* Storyboard.swift */; };
/* End PBXBuildFile section */

/* Begin PBXFileReference section */
		011647AD471DBB178AB2C5A8 /* Pods-SpaceApps001.debug.xcconfig */ = {isa = PBXFileReference; includeInIndex = 1; lastKnownFileType = text.xcconfig; name = "Pods-SpaceApps001.debug.xcconfig"; path = "Pods/Target Support Files/Pods-SpaceApps001/Pods-SpaceApps001.debug.xcconfig"; sourceTree = "<group>"; };
		58226331B839DBDFB9A70E26 /* Pods_SpaceApps001.framework */ = {isa = PBXFileReference; explicitFileType = wrapper.framework; includeInIndex = 0; path = Pods_SpaceApps001.framework; sourceTree = BUILT_PRODUCTS_DIR; };
		7F228F73C7291B813FCC0EAC /* Pods-SpaceApps001.release.xcconfig */ = {isa = PBXFileReference; includeInIndex = 1; lastKnownFileType = text.xcconfig; name = "Pods-SpaceApps001.release.xcconfig"; path = "Pods/Target Support Files/Pods-SpaceApps001/Pods-SpaceApps001.release.xcconfig"; sourceTree = "<group>"; };
		A06F67561EB4D2D10043A2A6 /* SpaceApps001.app */ = {isa = PBXFileReference; explicitFileType = wrapper.application; includeInIndex = 0; path = SpaceApps001.app; sourceTree = BUILT_PRODUCTS_DIR; };
		A06F67591EB4D2D10043A2A6 /* AppDelegate.swift */ = {isa = PBXFileReference; lastKnownFileType = sourcecode.swift; path = AppDelegate.swift; sourceTree = "<group>"; };
		A06F67621EB4D2D10043A2A6 /* Assets.xcassets */ = {isa = PBXFileReference; lastKnownFileType = folder.assetcatalog; path = Assets.xcassets; sourceTree = "<group>"; };
		A06F67651EB4D2D10043A2A6 /* Base */ = {isa = PBXFileReference; lastKnownFileType = file.storyboard; name = Base; path = Base.lproj/LaunchScreen.storyboard; sourceTree = "<group>"; };
		A06F67671EB4D2D10043A2A6 /* Info.plist */ = {isa = PBXFileReference; lastKnownFileType = text.plist.xml; path = Info.plist; sourceTree = "<group>"; };
		A09897AA1EB521A8001B06DD /* ProductStages.storyboard */ = {isa = PBXFileReference; fileEncoding = 4; lastKnownFileType = file.storyboard; path = ProductStages.storyboard; sourceTree = "<group>"; };
		A09897AC1EB521B7001B06DD /* ProductStagesTableViewCell.swift */ = {isa = PBXFileReference; fileEncoding = 4; lastKnownFileType = sourcecode.swift; path = ProductStagesTableViewCell.swift; sourceTree = "<group>"; };
		A09897AD1EB521B7001B06DD /* ProductStagesTableViewCell.xib */ = {isa = PBXFileReference; fileEncoding = 4; lastKnownFileType = file.xib; path = ProductStagesTableViewCell.xib; sourceTree = "<group>"; };
		A09897B01EB521CE001B06DD /* ProductStagesViewController.swift */ = {isa = PBXFileReference; fileEncoding = 4; lastKnownFileType = sourcecode.swift; path = ProductStagesViewController.swift; sourceTree = "<group>"; };
		A09897B21EB521DF001B06DD /* ProcessStage.swift */ = {isa = PBXFileReference; fileEncoding = 4; lastKnownFileType = sourcecode.swift; path = ProcessStage.swift; sourceTree = "<group>"; };
		BB7306EE1EB58B6E002FAB85 /* CompositionTableViewCell.swift */ = {isa = PBXFileReference; fileEncoding = 4; lastKnownFileType = sourcecode.swift; path = CompositionTableViewCell.swift; sourceTree = "<group>"; };
		BB7306EF1EB58B6E002FAB85 /* CompositionTableViewCell.xib */ = {isa = PBXFileReference; fileEncoding = 4; lastKnownFileType = file.xib; path = CompositionTableViewCell.xib; sourceTree = "<group>"; };
		BB7306F21EB58D44002FAB85 /* ProductOverview.storyboard */ = {isa = PBXFileReference; fileEncoding = 4; lastKnownFileType = file.storyboard; path = ProductOverview.storyboard; sourceTree = "<group>"; };
		BB7306F31EB58D44002FAB85 /* ProductOverviewViewController.swift */ = {isa = PBXFileReference; fileEncoding = 4; lastKnownFileType = sourcecode.swift; path = ProductOverviewViewController.swift; sourceTree = "<group>"; };
		BB7306FA1EB58D80002FAB85 /* UIViewExtensions.swift */ = {isa = PBXFileReference; fileEncoding = 4; lastKnownFileType = sourcecode.swift; path = UIViewExtensions.swift; sourceTree = "<group>"; };
		BB9423F21EB52EEA00E81E79 /* ProductTableViewCell.swift */ = {isa = PBXFileReference; fileEncoding = 4; lastKnownFileType = sourcecode.swift; path = ProductTableViewCell.swift; sourceTree = "<group>"; };
		BB9423F31EB52EEA00E81E79 /* ProductTableViewCell.xib */ = {isa = PBXFileReference; fileEncoding = 4; lastKnownFileType = file.xib; path = ProductTableViewCell.xib; sourceTree = "<group>"; };
		BB9423F61EB52EFB00E81E79 /* Product.swift */ = {isa = PBXFileReference; fileEncoding = 4; lastKnownFileType = sourcecode.swift; path = Product.swift; sourceTree = "<group>"; };
		BB9423F91EB53F1900E81E79 /* ListView.swift */ = {isa = PBXFileReference; fileEncoding = 4; lastKnownFileType = sourcecode.swift; path = ListView.swift; sourceTree = "<group>"; };
		BBA280581EB5519500A91514 /* MyComposition.storyboard */ = {isa = PBXFileReference; fileEncoding = 4; lastKnownFileType = file.storyboard; path = MyComposition.storyboard; sourceTree = "<group>"; };
		BBA2805B1EB5547F00A91514 /* MyCompositionViewController.swift */ = {isa = PBXFileReference; fileEncoding = 4; lastKnownFileType = sourcecode.swift; path = MyCompositionViewController.swift; sourceTree = "<group>"; };
		BBD0D9131EB5654600D3A613 /* NewRecipeViewController.swift */ = {isa = PBXFileReference; fileEncoding = 4; lastKnownFileType = sourcecode.swift; path = NewRecipeViewController.swift; sourceTree = "<group>"; };
		BBD0D9151EB56C2C00D3A613 /* ProductSelection.swift */ = {isa = PBXFileReference; fileEncoding = 4; lastKnownFileType = sourcecode.swift; path = ProductSelection.swift; sourceTree = "<group>"; };
		BBD0D9181EB56EDD00D3A613 /* ProductSelectionTableViewCell.swift */ = {isa = PBXFileReference; fileEncoding = 4; lastKnownFileType = sourcecode.swift; path = ProductSelectionTableViewCell.swift; sourceTree = "<group>"; };
		BBD0D9191EB56EDD00D3A613 /* ProductSelectionTableViewCell.xib */ = {isa = PBXFileReference; fileEncoding = 4; lastKnownFileType = file.xib; path = ProductSelectionTableViewCell.xib; sourceTree = "<group>"; };
		BBD0D91C1EB57DCD00D3A613 /* Recipe.swift */ = {isa = PBXFileReference; fileEncoding = 4; lastKnownFileType = sourcecode.swift; path = Recipe.swift; sourceTree = "<group>"; };
		BBF5F3241EB5063100E6F064 /* Root.storyboard */ = {isa = PBXFileReference; fileEncoding = 4; lastKnownFileType = file.storyboard; path = Root.storyboard; sourceTree = "<group>"; };
		BBF5F3281EB5068900E6F064 /* ProductSelection.storyboard */ = {isa = PBXFileReference; fileEncoding = 4; lastKnownFileType = file.storyboard; path = ProductSelection.storyboard; sourceTree = "<group>"; };
		BBF5F32D1EB5088500E6F064 /* UITableView+Extensions.swift */ = {isa = PBXFileReference; fileEncoding = 4; lastKnownFileType = sourcecode.swift; path = "UITableView+Extensions.swift"; sourceTree = "<group>"; };
		BBF5F32F1EB5088C00E6F064 /* CellType.swift */ = {isa = PBXFileReference; fileEncoding = 4; lastKnownFileType = sourcecode.swift; path = CellType.swift; sourceTree = "<group>"; };
		BBF5F3301EB5088C00E6F064 /* DataSource.swift */ = {isa = PBXFileReference; fileEncoding = 4; lastKnownFileType = sourcecode.swift; path = DataSource.swift; sourceTree = "<group>"; };
		BBF5F33A1EB50B9800E6F064 /* States.swift */ = {isa = PBXFileReference; fileEncoding = 4; lastKnownFileType = sourcecode.swift; path = States.swift; sourceTree = "<group>"; };
		BBF5F33D1EB516B900E6F064 /* ProductSelectionViewController.swift */ = {isa = PBXFileReference; fileEncoding = 4; lastKnownFileType = sourcecode.swift; path = ProductSelectionViewController.swift; sourceTree = "<group>"; };
		BBF5F3401EB5187D00E6F064 /* Storyboard.swift */ = {isa = PBXFileReference; fileEncoding = 4; lastKnownFileType = sourcecode.swift; path = Storyboard.swift; sourceTree = "<group>"; };
/* End PBXFileReference section */

/* Begin PBXFrameworksBuildPhase section */
		A06F67531EB4D2D00043A2A6 /* Frameworks */ = {
			isa = PBXFrameworksBuildPhase;
			buildActionMask = 2147483647;
			files = (
				76D64CC917E5806C0F364252 /* Pods_SpaceApps001.framework in Frameworks */,
			);
			runOnlyForDeploymentPostprocessing = 0;
		};
/* End PBXFrameworksBuildPhase section */

/* Begin PBXGroup section */
		A06F674D1EB4D2D00043A2A6 = {
			isa = PBXGroup;
			children = (
				A06F67581EB4D2D10043A2A6 /* SpaceApps001 */,
				A06F67571EB4D2D10043A2A6 /* Products */,
				B46948FAA154B3D93421E459 /* Pods */,
				FB2A2B9C2FEE8B0AAD3A39B0 /* Frameworks */,
			);
			sourceTree = "<group>";
		};
		A06F67571EB4D2D10043A2A6 /* Products */ = {
			isa = PBXGroup;
			children = (
				A06F67561EB4D2D10043A2A6 /* SpaceApps001.app */,
			);
			name = Products;
			sourceTree = "<group>";
		};
		A06F67581EB4D2D10043A2A6 /* SpaceApps001 */ = {
			isa = PBXGroup;
			children = (
				BBA2805A1EB5546600A91514 /* MyComposition */,
				BB9423F81EB53F0600E81E79 /* Comon */,
				BBF5F33F1EB5187100E6F064 /* Navigation */,
				BBF5F33C1EB516A400E6F064 /* ProductSelection */,
				BBF5F3391EB50B8B00E6F064 /* Models */,
				BBF5F3331EB508A200E6F064 /* TableView */,
				A09897B41EB538E3001B06DD /* ProductStages */,
				BBF5F3231EB5061000E6F064 /* Storyboards */,
				BBF5F3221EB5060200E6F064 /* Application */,
				BBF5F3211EB505F300E6F064 /* Support */,
			);
			path = SpaceApps001;
			sourceTree = "<group>";
		};
		A09897B41EB538E3001B06DD /* ProductStages */ = {
			isa = PBXGroup;
			children = (
				BB7306F21EB58D44002FAB85 /* ProductOverview.storyboard */,
				BB7306F31EB58D44002FAB85 /* ProductOverviewViewController.swift */,
				A09897B51EB538F8001B06DD /* Views */,
				A09897B01EB521CE001B06DD /* ProductStagesViewController.swift */,
			);
			name = ProductStages;
			sourceTree = "<group>";
		};
		A09897B51EB538F8001B06DD /* Views */ = {
			isa = PBXGroup;
			children = (
				A09897AC1EB521B7001B06DD /* ProductStagesTableViewCell.swift */,
				A09897AD1EB521B7001B06DD /* ProductStagesTableViewCell.xib */,
			);
			name = Views;
			sourceTree = "<group>";
		};
		B46948FAA154B3D93421E459 /* Pods */ = {
			isa = PBXGroup;
			children = (
				011647AD471DBB178AB2C5A8 /* Pods-SpaceApps001.debug.xcconfig */,
				7F228F73C7291B813FCC0EAC /* Pods-SpaceApps001.release.xcconfig */,
			);
			name = Pods;
			sourceTree = "<group>";
		};
		BB9423F11EB52ED100E81E79 /* Views */ = {
			isa = PBXGroup;
			children = (
				BB9423F21EB52EEA00E81E79 /* ProductTableViewCell.swift */,
				BB9423F31EB52EEA00E81E79 /* ProductTableViewCell.xib */,
			);
			name = Views;
			sourceTree = "<group>";
		};
		BB9423F81EB53F0600E81E79 /* Comon */ = {
			isa = PBXGroup;
			children = (
				BB7306FA1EB58D80002FAB85 /* UIViewExtensions.swift */,
				BB9423F91EB53F1900E81E79 /* ListView.swift */,
			);
			name = Comon;
			sourceTree = "<group>";
		};
		BBA2805A1EB5546600A91514 /* MyComposition */ = {
			isa = PBXGroup;
			children = (
				BBD0D9171EB56EC700D3A613 /* Views */,
				BBA2805B1EB5547F00A91514 /* MyCompositionViewController.swift */,
				BBD0D9131EB5654600D3A613 /* NewRecipeViewController.swift */,
				BBD0D9151EB56C2C00D3A613 /* ProductSelection.swift */,
				BBD0D91C1EB57DCD00D3A613 /* Recipe.swift */,
			);
			name = MyComposition;
			sourceTree = "<group>";
		};
		BBD0D9171EB56EC700D3A613 /* Views */ = {
			isa = PBXGroup;
			children = (
				BBD0D9181EB56EDD00D3A613 /* ProductSelectionTableViewCell.swift */,
				BBD0D9191EB56EDD00D3A613 /* ProductSelectionTableViewCell.xib */,
				BB7306EE1EB58B6E002FAB85 /* CompositionTableViewCell.swift */,
				BB7306EF1EB58B6E002FAB85 /* CompositionTableViewCell.xib */,
			);
			name = Views;
			sourceTree = "<group>";
		};
		BBF5F3211EB505F300E6F064 /* Support */ = {
			isa = PBXGroup;
			children = (
				A06F67621EB4D2D10043A2A6 /* Assets.xcassets */,
				A06F67641EB4D2D10043A2A6 /* LaunchScreen.storyboard */,
				A06F67671EB4D2D10043A2A6 /* Info.plist */,
			);
			name = Support;
			sourceTree = "<group>";
		};
		BBF5F3221EB5060200E6F064 /* Application */ = {
			isa = PBXGroup;
			children = (
				A06F67591EB4D2D10043A2A6 /* AppDelegate.swift */,
			);
			name = Application;
			sourceTree = "<group>";
		};
		BBF5F3231EB5061000E6F064 /* Storyboards */ = {
			isa = PBXGroup;
			children = (
				BBF5F3241EB5063100E6F064 /* Root.storyboard */,
				BBA280581EB5519500A91514 /* MyComposition.storyboard */,
				BBF5F3281EB5068900E6F064 /* ProductSelection.storyboard */,
				A09897AA1EB521A8001B06DD /* ProductStages.storyboard */,
			);
			name = Storyboards;
			sourceTree = "<group>";
		};
		BBF5F3331EB508A200E6F064 /* TableView */ = {
			isa = PBXGroup;
			children = (
				BBF5F32F1EB5088C00E6F064 /* CellType.swift */,
				BBF5F3301EB5088C00E6F064 /* DataSource.swift */,
				BBF5F32D1EB5088500E6F064 /* UITableView+Extensions.swift */,
			);
			name = TableView;
			sourceTree = "<group>";
		};
		BBF5F3391EB50B8B00E6F064 /* Models */ = {
			isa = PBXGroup;
			children = (
				BBF5F33A1EB50B9800E6F064 /* States.swift */,
				A09897B21EB521DF001B06DD /* ProcessStage.swift */,
			);
			name = Models;
			sourceTree = "<group>";
		};
		BBF5F33C1EB516A400E6F064 /* ProductSelection */ = {
			isa = PBXGroup;
			children = (
				BB9423F11EB52ED100E81E79 /* Views */,
				BBF5F33D1EB516B900E6F064 /* ProductSelectionViewController.swift */,
				BB9423F61EB52EFB00E81E79 /* Product.swift */,
			);
			name = ProductSelection;
			sourceTree = "<group>";
		};
		BBF5F33F1EB5187100E6F064 /* Navigation */ = {
			isa = PBXGroup;
			children = (
				BBF5F3401EB5187D00E6F064 /* Storyboard.swift */,
			);
			name = Navigation;
			sourceTree = "<group>";
		};
		FB2A2B9C2FEE8B0AAD3A39B0 /* Frameworks */ = {
			isa = PBXGroup;
			children = (
				58226331B839DBDFB9A70E26 /* Pods_SpaceApps001.framework */,
			);
			name = Frameworks;
			sourceTree = "<group>";
		};
/* End PBXGroup section */

/* Begin PBXNativeTarget section */
		A06F67551EB4D2D00043A2A6 /* SpaceApps001 */ = {
			isa = PBXNativeTarget;
			buildConfigurationList = A06F676A1EB4D2D10043A2A6 /* Build configuration list for PBXNativeTarget "SpaceApps001" */;
			buildPhases = (
				6951AB89F097EA23969BEDD5 /* [CP] Check Pods Manifest.lock */,
				A06F67521EB4D2D00043A2A6 /* Sources */,
				A06F67531EB4D2D00043A2A6 /* Frameworks */,
				A06F67541EB4D2D00043A2A6 /* Resources */,
				E4D009B1EE06E6BB37D3CDFE /* [CP] Embed Pods Frameworks */,
				694F3B704944C304122BF617 /* [CP] Copy Pods Resources */,
			);
			buildRules = (
			);
			dependencies = (
			);
			name = SpaceApps001;
			productName = SpaceApps001;
			productReference = A06F67561EB4D2D10043A2A6 /* SpaceApps001.app */;
			productType = "com.apple.product-type.application";
		};
/* End PBXNativeTarget section */

/* Begin PBXProject section */
		A06F674E1EB4D2D00043A2A6 /* Project object */ = {
			isa = PBXProject;
			attributes = {
				LastSwiftUpdateCheck = 0820;
				LastUpgradeCheck = 0820;
				ORGANIZATIONNAME = "Bratt Neumayer";
				TargetAttributes = {
					A06F67551EB4D2D00043A2A6 = {
						CreatedOnToolsVersion = 8.2.1;
						DevelopmentTeam = M724KW23Q3;
						ProvisioningStyle = Automatic;
					};
				};
			};
			buildConfigurationList = A06F67511EB4D2D00043A2A6 /* Build configuration list for PBXProject "SpaceApps001" */;
			compatibilityVersion = "Xcode 3.2";
			developmentRegion = English;
			hasScannedForEncodings = 0;
			knownRegions = (
				en,
				Base,
			);
			mainGroup = A06F674D1EB4D2D00043A2A6;
			productRefGroup = A06F67571EB4D2D10043A2A6 /* Products */;
			projectDirPath = "";
			projectRoot = "";
			targets = (
				A06F67551EB4D2D00043A2A6 /* SpaceApps001 */,
			);
		};
/* End PBXProject section */

/* Begin PBXResourcesBuildPhase section */
		A06F67541EB4D2D00043A2A6 /* Resources */ = {
			isa = PBXResourcesBuildPhase;
			buildActionMask = 2147483647;
			files = (
				BBF5F3251EB5063100E6F064 /* Root.storyboard in Resources */,
				BBA280591EB5519500A91514 /* MyComposition.storyboard in Resources */,
				A06F67661EB4D2D10043A2A6 /* LaunchScreen.storyboard in Resources */,
				BB7306F41EB58D44002FAB85 /* ProductOverview.storyboard in Resources */,
				A09897AF1EB521B7001B06DD /* ProductStagesTableViewCell.xib in Resources */,
				BB7306F11EB58B6E002FAB85 /* CompositionTableViewCell.xib in Resources */,
				BBF5F3291EB5068900E6F064 /* ProductSelection.storyboard in Resources */,
				BBD0D91B1EB56EDD00D3A613 /* ProductSelectionTableViewCell.xib in Resources */,
				A09897AB1EB521A8001B06DD /* ProductStages.storyboard in Resources */,
				BB9423F51EB52EEA00E81E79 /* ProductTableViewCell.xib in Resources */,
				A06F67631EB4D2D10043A2A6 /* Assets.xcassets in Resources */,
			);
			runOnlyForDeploymentPostprocessing = 0;
		};
/* End PBXResourcesBuildPhase section */

/* Begin PBXShellScriptBuildPhase section */
		694F3B704944C304122BF617 /* [CP] Copy Pods Resources */ = {
			isa = PBXShellScriptBuildPhase;
			buildActionMask = 2147483647;
			files = (
			);
			inputPaths = (
			);
			name = "[CP] Copy Pods Resources";
			outputPaths = (
			);
			runOnlyForDeploymentPostprocessing = 0;
			shellPath = /bin/sh;
			shellScript = "\"${SRCROOT}/Pods/Target Support Files/Pods-SpaceApps001/Pods-SpaceApps001-resources.sh\"\n";
			showEnvVarsInLog = 0;
		};
		6951AB89F097EA23969BEDD5 /* [CP] Check Pods Manifest.lock */ = {
			isa = PBXShellScriptBuildPhase;
			buildActionMask = 2147483647;
			files = (
			);
			inputPaths = (
			);
			name = "[CP] Check Pods Manifest.lock";
			outputPaths = (
			);
			runOnlyForDeploymentPostprocessing = 0;
			shellPath = /bin/sh;
			shellScript = "diff \"${PODS_ROOT}/../Podfile.lock\" \"${PODS_ROOT}/Manifest.lock\" > /dev/null\nif [ $? != 0 ] ; then\n    # print error to STDERR\n    echo \"error: The sandbox is not in sync with the Podfile.lock. Run 'pod install' or update your CocoaPods installation.\" >&2\n    exit 1\nfi\n";
			showEnvVarsInLog = 0;
		};
		E4D009B1EE06E6BB37D3CDFE /* [CP] Embed Pods Frameworks */ = {
			isa = PBXShellScriptBuildPhase;
			buildActionMask = 2147483647;
			files = (
			);
			inputPaths = (
			);
			name = "[CP] Embed Pods Frameworks";
			outputPaths = (
			);
			runOnlyForDeploymentPostprocessing = 0;
			shellPath = /bin/sh;
			shellScript = "\"${SRCROOT}/Pods/Target Support Files/Pods-SpaceApps001/Pods-SpaceApps001-frameworks.sh\"\n";
			showEnvVarsInLog = 0;
		};
/* End PBXShellScriptBuildPhase section */

/* Begin PBXSourcesBuildPhase section */
		A06F67521EB4D2D00043A2A6 /* Sources */ = {
			isa = PBXSourcesBuildPhase;
			buildActionMask = 2147483647;
			files = (
				BB7306FB1EB58D80002FAB85 /* UIViewExtensions.swift in Sources */,
				BBF5F32E1EB5088500E6F064 /* UITableView+Extensions.swift in Sources */,
				BBF5F33B1EB50B9800E6F064 /* States.swift in Sources */,
				A06F675A1EB4D2D10043A2A6 /* AppDelegate.swift in Sources */,
				A09897B31EB521DF001B06DD /* ProcessStage.swift in Sources */,
				BBF5F33E1EB516B900E6F064 /* ProductSelectionViewController.swift in Sources */,
				BBA2805C1EB5547F00A91514 /* MyCompositionViewController.swift in Sources */,
				BB9423F41EB52EEA00E81E79 /* ProductTableViewCell.swift in Sources */,
				A09897AE1EB521B7001B06DD /* ProductStagesTableViewCell.swift in Sources */,
				BBD0D9161EB56C2C00D3A613 /* ProductSelection.swift in Sources */,
				BBF5F3321EB5088C00E6F064 /* DataSource.swift in Sources */,
				A09897B11EB521CE001B06DD /* ProductStagesViewController.swift in Sources */,
				BBF5F3411EB5187D00E6F064 /* Storyboard.swift in Sources */,
				BBF5F3311EB5088C00E6F064 /* CellType.swift in Sources */,
				BB7306F01EB58B6E002FAB85 /* CompositionTableViewCell.swift in Sources */,
				BB9423F71EB52EFB00E81E79 /* Product.swift in Sources */,
				BB9423FA1EB53F1900E81E79 /* ListView.swift in Sources */,
				BBD0D91D1EB57DCD00D3A613 /* Recipe.swift in Sources */,
				BB7306F51EB58D44002FAB85 /* ProductOverviewViewController.swift in Sources */,
				BBD0D91A1EB56EDD00D3A613 /* ProductSelectionTableViewCell.swift in Sources */,
				BBD0D9141EB5654600D3A613 /* NewRecipeViewController.swift in Sources */,
			);
			runOnlyForDeploymentPostprocessing = 0;
		};
/* End PBXSourcesBuildPhase section */

/* Begin PBXVariantGroup section */
		A06F67641EB4D2D10043A2A6 /* LaunchScreen.storyboard */ = {
			isa = PBXVariantGroup;
			children = (
				A06F67651EB4D2D10043A2A6 /* Base */,
			);
			name = LaunchScreen.storyboard;
			sourceTree = "<group>";
		};
/* End PBXVariantGroup section */

/* Begin XCBuildConfiguration section */
		A06F67681EB4D2D10043A2A6 /* Debug */ = {
			isa = XCBuildConfiguration;
			buildSettings = {
				ALWAYS_SEARCH_USER_PATHS = NO;
				CLANG_ANALYZER_NONNULL = YES;
				CLANG_CXX_LANGUAGE_STANDARD = "gnu++0x";
				CLANG_CXX_LIBRARY = "libc++";
				CLANG_ENABLE_MODULES = YES;
				CLANG_ENABLE_OBJC_ARC = YES;
				CLANG_WARN_BOOL_CONVERSION = YES;
				CLANG_WARN_CONSTANT_CONVERSION = YES;
				CLANG_WARN_DIRECT_OBJC_ISA_USAGE = YES_ERROR;
				CLANG_WARN_DOCUMENTATION_COMMENTS = YES;
				CLANG_WARN_EMPTY_BODY = YES;
				CLANG_WARN_ENUM_CONVERSION = YES;
				CLANG_WARN_INFINITE_RECURSION = YES;
				CLANG_WARN_INT_CONVERSION = YES;
				CLANG_WARN_OBJC_ROOT_CLASS = YES_ERROR;
				CLANG_WARN_SUSPICIOUS_MOVE = YES;
				CLANG_WARN_UNREACHABLE_CODE = YES;
				CLANG_WARN__DUPLICATE_METHOD_MATCH = YES;
				"CODE_SIGN_IDENTITY[sdk=iphoneos*]" = "iPhone Developer";
				COPY_PHASE_STRIP = NO;
				DEBUG_INFORMATION_FORMAT = dwarf;
				ENABLE_STRICT_OBJC_MSGSEND = YES;
				ENABLE_TESTABILITY = YES;
				GCC_C_LANGUAGE_STANDARD = gnu99;
				GCC_DYNAMIC_NO_PIC = NO;
				GCC_NO_COMMON_BLOCKS = YES;
				GCC_OPTIMIZATION_LEVEL = 0;
				GCC_PREPROCESSOR_DEFINITIONS = (
					"DEBUG=1",
					"$(inherited)",
				);
				GCC_WARN_64_TO_32_BIT_CONVERSION = YES;
				GCC_WARN_ABOUT_RETURN_TYPE = YES_ERROR;
				GCC_WARN_UNDECLARED_SELECTOR = YES;
				GCC_WARN_UNINITIALIZED_AUTOS = YES_AGGRESSIVE;
				GCC_WARN_UNUSED_FUNCTION = YES;
				GCC_WARN_UNUSED_VARIABLE = YES;
				IPHONEOS_DEPLOYMENT_TARGET = 10.2;
				MTL_ENABLE_DEBUG_INFO = YES;
				ONLY_ACTIVE_ARCH = YES;
				SDKROOT = iphoneos;
				SWIFT_ACTIVE_COMPILATION_CONDITIONS = DEBUG;
				SWIFT_OPTIMIZATION_LEVEL = "-Onone";
			};
			name = Debug;
		};
		A06F67691EB4D2D10043A2A6 /* Release */ = {
			isa = XCBuildConfiguration;
			buildSettings = {
				ALWAYS_SEARCH_USER_PATHS = NO;
				CLANG_ANALYZER_NONNULL = YES;
				CLANG_CXX_LANGUAGE_STANDARD = "gnu++0x";
				CLANG_CXX_LIBRARY = "libc++";
				CLANG_ENABLE_MODULES = YES;
				CLANG_ENABLE_OBJC_ARC = YES;
				CLANG_WARN_BOOL_CONVERSION = YES;
				CLANG_WARN_CONSTANT_CONVERSION = YES;
				CLANG_WARN_DIRECT_OBJC_ISA_USAGE = YES_ERROR;
				CLANG_WARN_DOCUMENTATION_COMMENTS = YES;
				CLANG_WARN_EMPTY_BODY = YES;
				CLANG_WARN_ENUM_CONVERSION = YES;
				CLANG_WARN_INFINITE_RECURSION = YES;
				CLANG_WARN_INT_CONVERSION = YES;
				CLANG_WARN_OBJC_ROOT_CLASS = YES_ERROR;
				CLANG_WARN_SUSPICIOUS_MOVE = YES;
				CLANG_WARN_UNREACHABLE_CODE = YES;
				CLANG_WARN__DUPLICATE_METHOD_MATCH = YES;
				"CODE_SIGN_IDENTITY[sdk=iphoneos*]" = "iPhone Developer";
				COPY_PHASE_STRIP = NO;
				DEBUG_INFORMATION_FORMAT = "dwarf-with-dsym";
				ENABLE_NS_ASSERTIONS = NO;
				ENABLE_STRICT_OBJC_MSGSEND = YES;
				GCC_C_LANGUAGE_STANDARD = gnu99;
				GCC_NO_COMMON_BLOCKS = YES;
				GCC_WARN_64_TO_32_BIT_CONVERSION = YES;
				GCC_WARN_ABOUT_RETURN_TYPE = YES_ERROR;
				GCC_WARN_UNDECLARED_SELECTOR = YES;
				GCC_WARN_UNINITIALIZED_AUTOS = YES_AGGRESSIVE;
				GCC_WARN_UNUSED_FUNCTION = YES;
				GCC_WARN_UNUSED_VARIABLE = YES;
				IPHONEOS_DEPLOYMENT_TARGET = 10.2;
				MTL_ENABLE_DEBUG_INFO = NO;
				SDKROOT = iphoneos;
				SWIFT_OPTIMIZATION_LEVEL = "-Owholemodule";
				VALIDATE_PRODUCT = YES;
			};
			name = Release;
		};
		A06F676B1EB4D2D10043A2A6 /* Debug */ = {
			isa = XCBuildConfiguration;
			baseConfigurationReference = 011647AD471DBB178AB2C5A8 /* Pods-SpaceApps001.debug.xcconfig */;
			buildSettings = {
				ASSETCATALOG_COMPILER_APPICON_NAME = AppIcon;
				DEVELOPMENT_TEAM = M724KW23Q3;
				INFOPLIST_FILE = SpaceApps001/Info.plist;
				IPHONEOS_DEPLOYMENT_TARGET = 9.0;
				LD_RUNPATH_SEARCH_PATHS = "$(inherited) @executable_path/Frameworks";
				PRODUCT_BUNDLE_IDENTIFIER = com.neumayerb.SpaceApps001;
				PRODUCT_NAME = "$(TARGET_NAME)";
				SWIFT_VERSION = 3.0;
			};
			name = Debug;
		};
		A06F676C1EB4D2D10043A2A6 /* Release */ = {
			isa = XCBuildConfiguration;
			baseConfigurationReference = 7F228F73C7291B813FCC0EAC /* Pods-SpaceApps001.release.xcconfig */;
			buildSettings = {
				ASSETCATALOG_COMPILER_APPICON_NAME = AppIcon;
				DEVELOPMENT_TEAM = M724KW23Q3;
				INFOPLIST_FILE = SpaceApps001/Info.plist;
				IPHONEOS_DEPLOYMENT_TARGET = 9.0;
				LD_RUNPATH_SEARCH_PATHS = "$(inherited) @executable_path/Frameworks";
				PRODUCT_BUNDLE_IDENTIFIER = com.neumayerb.SpaceApps001;
				PRODUCT_NAME = "$(TARGET_NAME)";
				SWIFT_VERSION = 3.0;
			};
			name = Release;
		};
/* End XCBuildConfiguration section */

/* Begin XCConfigurationList section */
		A06F67511EB4D2D00043A2A6 /* Build configuration list for PBXProject "SpaceApps001" */ = {
			isa = XCConfigurationList;
			buildConfigurations = (
				A06F67681EB4D2D10043A2A6 /* Debug */,
				A06F67691EB4D2D10043A2A6 /* Release */,
			);
			defaultConfigurationIsVisible = 0;
			defaultConfigurationName = Release;
		};
		A06F676A1EB4D2D10043A2A6 /* Build configuration list for PBXNativeTarget "SpaceApps001" */ = {
			isa = XCConfigurationList;
			buildConfigurations = (
				A06F676B1EB4D2D10043A2A6 /* Debug */,
				A06F676C1EB4D2D10043A2A6 /* Release */,
			);
			defaultConfigurationIsVisible = 0;
			defaultConfigurationName = Release;
		};
/* End XCConfigurationList section */
	};
	rootObject = A06F674E1EB4D2D00043A2A6 /* Project object */;
}
